
Microsoft Visual Studio Solution File, Format Version 12.00
# Visual Studio 15
VisualStudioVersion = 15.0.26124.0
MinimumVisualStudioVersion = 15.0.26124.0
Project("{2150E333-8FDC-42A3-9474-1A3956D46DE8}") = "BL", "BL", "{5967DA4C-8BF3-4EE8-BAA3-C14BB613A4C8}"
EndProject
Project("{FAE04EC0-301F-11D3-BF4B-00C04F79EFBC}") = "BL.Core", "BL\BL.Core\BL.Core.csproj", "{887450B7-C9F4-4DE9-AC27-88CAD38DA638}"
EndProject
Project("{FAE04EC0-301F-11D3-BF4B-00C04F79EFBC}") = "BL.Model", "BL\BL.Model\BL.Model.csproj", "{1BFCA072-D2C7-44BE-8558-8620A2E04E77}"
EndProject
Project("{FAE04EC0-301F-11D3-BF4B-00C04F79EFBC}") = "dao", "dao\dao.csproj", "{2388832A-54D7-46A4-8638-7950723E8EE3}"
EndProject
Project("{FAE04EC0-301F-11D3-BF4B-00C04F79EFBC}") = "presentation", "presentation\presentation.csproj", "{B3076569-82EE-4218-A686-ADF6100010A6}"
EndProject
Global
	GlobalSection(SolutionConfigurationPlatforms) = preSolution
		Debug|Any CPU = Debug|Any CPU
		Debug|x64 = Debug|x64
		Debug|x86 = Debug|x86
		Release|Any CPU = Release|Any CPU
		Release|x64 = Release|x64
		Release|x86 = Release|x86
	EndGlobalSection
	GlobalSection(SolutionProperties) = preSolution
		HideSolutionNode = FALSE
	EndGlobalSection
	GlobalSection(ProjectConfigurationPlatforms) = postSolution
		{887450B7-C9F4-4DE9-AC27-88CAD38DA638}.Debug|Any CPU.ActiveCfg = Debug|Any CPU
		{887450B7-C9F4-4DE9-AC27-88CAD38DA638}.Debug|Any CPU.Build.0 = Debug|Any CPU
		{887450B7-C9F4-4DE9-AC27-88CAD38DA638}.Debug|x64.ActiveCfg = Debug|Any CPU
		{887450B7-C9F4-4DE9-AC27-88CAD38DA638}.Debug|x64.Build.0 = Debug|Any CPU
		{887450B7-C9F4-4DE9-AC27-88CAD38DA638}.Debug|x86.ActiveCfg = Debug|Any CPU
		{887450B7-C9F4-4DE9-AC27-88CAD38DA638}.Debug|x86.Build.0 = Debug|Any CPU
		{887450B7-C9F4-4DE9-AC27-88CAD38DA638}.Release|Any CPU.ActiveCfg = Release|Any CPU
		{887450B7-C9F4-4DE9-AC27-88CAD38DA638}.Release|Any CPU.Build.0 = Release|Any CPU
		{887450B7-C9F4-4DE9-AC27-88CAD38DA638}.Release|x64.ActiveCfg = Release|Any CPU
		{887450B7-C9F4-4DE9-AC27-88CAD38DA638}.Release|x64.Build.0 = Release|Any CPU
		{887450B7-C9F4-4DE9-AC27-88CAD38DA638}.Release|x86.ActiveCfg = Release|Any CPU
		{887450B7-C9F4-4DE9-AC27-88CAD38DA638}.Release|x86.Build.0 = Release|Any CPU
		{1BFCA072-D2C7-44BE-8558-8620A2E04E77}.Debug|Any CPU.ActiveCfg = Debug|Any CPU
		{1BFCA072-D2C7-44BE-8558-8620A2E04E77}.Debug|Any CPU.Build.0 = Debug|Any CPU
		{1BFCA072-D2C7-44BE-8558-8620A2E04E77}.Debug|x64.ActiveCfg = Debug|Any CPU
		{1BFCA072-D2C7-44BE-8558-8620A2E04E77}.Debug|x64.Build.0 = Debug|Any CPU
		{1BFCA072-D2C7-44BE-8558-8620A2E04E77}.Debug|x86.ActiveCfg = Debug|Any CPU
		{1BFCA072-D2C7-44BE-8558-8620A2E04E77}.Debug|x86.Build.0 = Debug|Any CPU
		{1BFCA072-D2C7-44BE-8558-8620A2E04E77}.Release|Any CPU.ActiveCfg = Release|Any CPU
		{1BFCA072-D2C7-44BE-8558-8620A2E04E77}.Release|Any CPU.Build.0 = Release|Any CPU
		{1BFCA072-D2C7-44BE-8558-8620A2E04E77}.Release|x64.ActiveCfg = Release|Any CPU
		{1BFCA072-D2C7-44BE-8558-8620A2E04E77}.Release|x64.Build.0 = Release|Any CPU
		{1BFCA072-D2C7-44BE-8558-8620A2E04E77}.Release|x86.ActiveCfg = Release|Any CPU
		{1BFCA072-D2C7-44BE-8558-8620A2E04E77}.Release|x86.Build.0 = Release|Any CPU
		{2388832A-54D7-46A4-8638-7950723E8EE3}.Debug|Any CPU.ActiveCfg = Debug|Any CPU
		{2388832A-54D7-46A4-8638-7950723E8EE3}.Debug|Any CPU.Build.0 = Debug|Any CPU
		{2388832A-54D7-46A4-8638-7950723E8EE3}.Debug|x64.ActiveCfg = Debug|Any CPU
		{2388832A-54D7-46A4-8638-7950723E8EE3}.Debug|x64.Build.0 = Debug|Any CPU
		{2388832A-54D7-46A4-8638-7950723E8EE3}.Debug|x86.ActiveCfg = Debug|Any CPU
		{2388832A-54D7-46A4-8638-7950723E8EE3}.Debug|x86.Build.0 = Debug|Any CPU
		{2388832A-54D7-46A4-8638-7950723E8EE3}.Release|Any CPU.ActiveCfg = Release|Any CPU
		{2388832A-54D7-46A4-8638-7950723E8EE3}.Release|Any CPU.Build.0 = Release|Any CPU
		{2388832A-54D7-46A4-8638-7950723E8EE3}.Release|x64.ActiveCfg = Release|Any CPU
		{2388832A-54D7-46A4-8638-7950723E8EE3}.Release|x64.Build.0 = Release|Any CPU
		{2388832A-54D7-46A4-8638-7950723E8EE3}.Release|x86.ActiveCfg = Release|Any CPU
		{2388832A-54D7-46A4-8638-7950723E8EE3}.Release|x86.Build.0 = Release|Any CPU
		{B3076569-82EE-4218-A686-ADF6100010A6}.Debug|Any CPU.ActiveCfg = Debug|Any CPU
		{B3076569-82EE-4218-A686-ADF6100010A6}.Debug|Any CPU.Build.0 = Debug|Any CPU
		{B3076569-82EE-4218-A686-ADF6100010A6}.Debug|x64.ActiveCfg = Debug|Any CPU
		{B3076569-82EE-4218-A686-ADF6100010A6}.Debug|x64.Build.0 = Debug|Any CPU
		{B3076569-82EE-4218-A686-ADF6100010A6}.Debug|x86.ActiveCfg = Debug|Any CPU
		{B3076569-82EE-4218-A686-ADF6100010A6}.Debug|x86.Build.0 = Debug|Any CPU
		{B3076569-82EE-4218-A686-ADF6100010A6}.Release|Any CPU.ActiveCfg = Release|Any CPU
		{B3076569-82EE-4218-A686-ADF6100010A6}.Release|Any CPU.Build.0 = Release|Any CPU
		{B3076569-82EE-4218-A686-ADF6100010A6}.Release|x64.ActiveCfg = Release|Any CPU
		{B3076569-82EE-4218-A686-ADF6100010A6}.Release|x64.Build.0 = Release|Any CPU
		{B3076569-82EE-4218-A686-ADF6100010A6}.Release|x86.ActiveCfg = Release|Any CPU
		{B3076569-82EE-4218-A686-ADF6100010A6}.Release|x86.Build.0 = Release|Any CPU
	EndGlobalSection
	GlobalSection(NestedProjects) = preSolution
		{887450B7-C9F4-4DE9-AC27-88CAD38DA638} = {5967DA4C-8BF3-4EE8-BAA3-C14BB613A4C8}
		{1BFCA072-D2C7-44BE-8558-8620A2E04E77} = {5967DA4C-8BF3-4EE8-BAA3-C14BB613A4C8}
	EndGlobalSection
EndGlobal
